
Microsoft Visual Studio Solution File, Format Version 12.00
Project("{FAE04EC0-301F-11D3-BF4B-00C04F79EFBC}") = "BasicSpriteDrawing", "BasicSpriteDrawing\BasicSpriteDrawing.csproj", "{86686ACD-B1C0-4FFE-9F19-597B73F29FC6}"
EndProject
Project("{FAE04EC0-301F-11D3-BF4B-00C04F79EFBC}") = "BasicSpriteMovement", "BasicSpriteMovement\BasicSpriteMovement.csproj", "{8CA0B764-ED35-47E0-A895-2FF691CB2210}"
EndProject
Project("{FAE04EC0-301F-11D3-BF4B-00C04F79EFBC}") = "BasicTIlemap", "BasicTIlemap\BasicTIlemap.csproj", "{FFDA4FB6-716C-4C63-8452-5B1AD40148A7}"
EndProject
Project("{FAE04EC0-301F-11D3-BF4B-00C04F79EFBC}") = "IsoTilemap", "IsoTilemap\IsoTilemap.csproj", "{1E031E8D-58B4-48AD-8C41-9A382D3A21E3}"
EndProject
Project("{FAE04EC0-301F-11D3-BF4B-00C04F79EFBC}") = "SimpleStateManagement", "SimpleStateManagement\SimpleStateManagement.csproj", "{C3450C6A-8144-4370-A248-5DB41DF6C063}"
EndProject
Project("{FAE04EC0-301F-11D3-BF4B-00C04F79EFBC}") = "Tileset", "Tileset\Tileset.csproj", "{048568B3-29FE-41A5-BE75-F8C243ACA9B5}"
EndProject
Global
	GlobalSection(SolutionConfigurationPlatforms) = preSolution
		Debug|Any CPU = Debug|Any CPU
		Release|Any CPU = Release|Any CPU
	EndGlobalSection
	GlobalSection(ProjectConfigurationPlatforms) = postSolution
		{86686ACD-B1C0-4FFE-9F19-597B73F29FC6}.Debug|Any CPU.ActiveCfg = Debug|Any CPU
		{86686ACD-B1C0-4FFE-9F19-597B73F29FC6}.Debug|Any CPU.Build.0 = Debug|Any CPU
		{86686ACD-B1C0-4FFE-9F19-597B73F29FC6}.Release|Any CPU.ActiveCfg = Release|Any CPU
		{86686ACD-B1C0-4FFE-9F19-597B73F29FC6}.Release|Any CPU.Build.0 = Release|Any CPU
		{8CA0B764-ED35-47E0-A895-2FF691CB2210}.Debug|Any CPU.ActiveCfg = Debug|Any CPU
		{8CA0B764-ED35-47E0-A895-2FF691CB2210}.Debug|Any CPU.Build.0 = Debug|Any CPU
		{8CA0B764-ED35-47E0-A895-2FF691CB2210}.Release|Any CPU.ActiveCfg = Release|Any CPU
		{8CA0B764-ED35-47E0-A895-2FF691CB2210}.Release|Any CPU.Build.0 = Release|Any CPU
		{FFDA4FB6-716C-4C63-8452-5B1AD40148A7}.Debug|Any CPU.ActiveCfg = Debug|Any CPU
		{FFDA4FB6-716C-4C63-8452-5B1AD40148A7}.Debug|Any CPU.Build.0 = Debug|Any CPU
		{FFDA4FB6-716C-4C63-8452-5B1AD40148A7}.Release|Any CPU.ActiveCfg = Release|Any CPU
		{FFDA4FB6-716C-4C63-8452-5B1AD40148A7}.Release|Any CPU.Build.0 = Release|Any CPU
		{1E031E8D-58B4-48AD-8C41-9A382D3A21E3}.Debug|Any CPU.ActiveCfg = Debug|Any CPU
		{1E031E8D-58B4-48AD-8C41-9A382D3A21E3}.Debug|Any CPU.Build.0 = Debug|Any CPU
		{1E031E8D-58B4-48AD-8C41-9A382D3A21E3}.Release|Any CPU.ActiveCfg = Release|Any CPU
		{1E031E8D-58B4-48AD-8C41-9A382D3A21E3}.Release|Any CPU.Build.0 = Release|Any CPU
		{C3450C6A-8144-4370-A248-5DB41DF6C063}.Debug|Any CPU.ActiveCfg = Debug|Any CPU
		{C3450C6A-8144-4370-A248-5DB41DF6C063}.Debug|Any CPU.Build.0 = Debug|Any CPU
		{C3450C6A-8144-4370-A248-5DB41DF6C063}.Release|Any CPU.ActiveCfg = Release|Any CPU
		{C3450C6A-8144-4370-A248-5DB41DF6C063}.Release|Any CPU.Build.0 = Release|Any CPU
		{048568B3-29FE-41A5-BE75-F8C243ACA9B5}.Debug|Any CPU.ActiveCfg = Debug|Any CPU
		{048568B3-29FE-41A5-BE75-F8C243ACA9B5}.Debug|Any CPU.Build.0 = Debug|Any CPU
		{048568B3-29FE-41A5-BE75-F8C243ACA9B5}.Release|Any CPU.ActiveCfg = Release|Any CPU
		{048568B3-29FE-41A5-BE75-F8C243ACA9B5}.Release|Any CPU.Build.0 = Release|Any CPU
	EndGlobalSection
EndGlobal
